
Microsoft Visual Studio Solution File, Format Version 12.00
# Visual Studio Version 17
VisualStudioVersion = 17.1.32421.90
MinimumVisualStudioVersion = 10.0.40219.1
Project("{9A19103F-16F7-4668-BE54-9A1E7A4F7556}") = "UniversityApp.BLL", "src\UniversityApp.BLL\UniversityApp.BLL.csproj", "{7B37D849-D2B9-4EAE-A38D-92AFE1463A32}"
EndProject
Project("{9A19103F-16F7-4668-BE54-9A1E7A4F7556}") = "UniversityApp.DLL", "src\UniversityApp.DLL\UniversityApp.DLL.csproj", "{DCE45CA0-B6F6-4572-8172-8ACD5D3D53FB}"
EndProject
Project("{FAE04EC0-301F-11D3-BF4B-00C04F79EFBC}") = "UniversityApp.API", "src\UniversityApp.API\UniversityApp.API.csproj", "{2F574F4F-10BA-4BEE-B92F-3AF3A45D7463}"
EndProject
Global
	GlobalSection(SolutionConfigurationPlatforms) = preSolution
		Debug|Any CPU = Debug|Any CPU
		Release|Any CPU = Release|Any CPU
	EndGlobalSection
	GlobalSection(ProjectConfigurationPlatforms) = postSolution
		{7B37D849-D2B9-4EAE-A38D-92AFE1463A32}.Debug|Any CPU.ActiveCfg = Debug|Any CPU
		{7B37D849-D2B9-4EAE-A38D-92AFE1463A32}.Debug|Any CPU.Build.0 = Debug|Any CPU
		{7B37D849-D2B9-4EAE-A38D-92AFE1463A32}.Release|Any CPU.ActiveCfg = Release|Any CPU
		{7B37D849-D2B9-4EAE-A38D-92AFE1463A32}.Release|Any CPU.Build.0 = Release|Any CPU
		{DCE45CA0-B6F6-4572-8172-8ACD5D3D53FB}.Debug|Any CPU.ActiveCfg = Debug|Any CPU
		{DCE45CA0-B6F6-4572-8172-8ACD5D3D53FB}.Debug|Any CPU.Build.0 = Debug|Any CPU
		{DCE45CA0-B6F6-4572-8172-8ACD5D3D53FB}.Release|Any CPU.ActiveCfg = Release|Any CPU
		{DCE45CA0-B6F6-4572-8172-8ACD5D3D53FB}.Release|Any CPU.Build.0 = Release|Any CPU
		{2F574F4F-10BA-4BEE-B92F-3AF3A45D7463}.Debug|Any CPU.ActiveCfg = Debug|Any CPU
		{2F574F4F-10BA-4BEE-B92F-3AF3A45D7463}.Debug|Any CPU.Build.0 = Debug|Any CPU
		{2F574F4F-10BA-4BEE-B92F-3AF3A45D7463}.Release|Any CPU.ActiveCfg = Release|Any CPU
		{2F574F4F-10BA-4BEE-B92F-3AF3A45D7463}.Release|Any CPU.Build.0 = Release|Any CPU
	EndGlobalSection
	GlobalSection(SolutionProperties) = preSolution
		HideSolutionNode = FALSE
	EndGlobalSection
	GlobalSection(ExtensibilityGlobals) = postSolution
		SolutionGuid = {680A98BD-A581-400D-A27C-79207CBD10B3}
	EndGlobalSection
EndGlobal
